
Microsoft Visual Studio Solution File, Format Version 12.00
# Visual Studio Version 17
VisualStudioVersion = 17.8.34525.116
MinimumVisualStudioVersion = 10.0.40219.1
Project("{FAE04EC0-301F-11D3-BF4B-00C04F79EFBC}") = "TestProcedures", "TestProcedures.csproj", "{0D8E05DE-D1FF-4A29-B9CD-C0E5F753A3FD}"
EndProject
Global
	GlobalSection(SolutionConfigurationPlatforms) = preSolution
		Debug|Any CPU = Debug|Any CPU
		Release|Any CPU = Release|Any CPU
	EndGlobalSection
	GlobalSection(ProjectConfigurationPlatforms) = postSolution
		{0D8E05DE-D1FF-4A29-B9CD-C0E5F753A3FD}.Debug|Any CPU.ActiveCfg = Debug|Any CPU
		{0D8E05DE-D1FF-4A29-B9CD-C0E5F753A3FD}.Debug|Any CPU.Build.0 = Debug|Any CPU
		{0D8E05DE-D1FF-4A29-B9CD-C0E5F753A3FD}.Release|Any CPU.ActiveCfg = Release|Any CPU
		{0D8E05DE-D1FF-4A29-B9CD-C0E5F753A3FD}.Release|Any CPU.Build.0 = Release|Any CPU
	EndGlobalSection
	GlobalSection(SolutionProperties) = preSolution
		HideSolutionNode = FALSE
	EndGlobalSection
	GlobalSection(ExtensibilityGlobals) = postSolution
		SolutionGuid = {B550DB55-E3D7-469E-AC6E-3827A5C2E79E}
	EndGlobalSection
EndGlobal
